
Microsoft Visual Studio Solution File, Format Version 12.00
# Visual Studio 15
VisualStudioVersion = 15.0.28010.2046
MinimumVisualStudioVersion = 10.0.40219.1
Project("{8BC9CEB8-8B4A-11D0-8D11-00A0C91BC942}") = "LeftView", "LeftView\LeftView.vcxproj", "{C8228C7A-362A-4E6B-BE2A-85AF7587E7A2}"
EndProject
Global
	GlobalSection(SolutionConfigurationPlatforms) = preSolution
		Debug|x64 = Debug|x64
		Debug|x86 = Debug|x86
		Release|x64 = Release|x64
		Release|x86 = Release|x86
	EndGlobalSection
	GlobalSection(ProjectConfigurationPlatforms) = postSolution
		{C8228C7A-362A-4E6B-BE2A-85AF7587E7A2}.Debug|x64.ActiveCfg = Debug|x64
		{C8228C7A-362A-4E6B-BE2A-85AF7587E7A2}.Debug|x64.Build.0 = Debug|x64
		{C8228C7A-362A-4E6B-BE2A-85AF7587E7A2}.Debug|x86.ActiveCfg = Debug|Win32
		{C8228C7A-362A-4E6B-BE2A-85AF7587E7A2}.Debug|x86.Build.0 = Debug|Win32
		{C8228C7A-362A-4E6B-BE2A-85AF7587E7A2}.Release|x64.ActiveCfg = Release|x64
		{C8228C7A-362A-4E6B-BE2A-85AF7587E7A2}.Release|x64.Build.0 = Release|x64
		{C8228C7A-362A-4E6B-BE2A-85AF7587E7A2}.Release|x86.ActiveCfg = Release|Win32
		{C8228C7A-362A-4E6B-BE2A-85AF7587E7A2}.Release|x86.Build.0 = Release|Win32
	EndGlobalSection
	GlobalSection(SolutionProperties) = preSolution
		HideSolutionNode = FALSE
	EndGlobalSection
	GlobalSection(ExtensibilityGlobals) = postSolution
		SolutionGuid = {5D9B3D73-79E8-4577-9F18-D1CF6A5CA7E4}
	EndGlobalSection
EndGlobal
