
Microsoft Visual Studio Solution File, Format Version 12.00
# Visual Studio 15
VisualStudioVersion = 15.0.28010.2046
MinimumVisualStudioVersion = 10.0.40219.1
Project("{8BC9CEB8-8B4A-11D0-8D11-00A0C91BC942}") = "MaxSumTriangle", "MaxSumTriangle\MaxSumTriangle.vcxproj", "{12E09CAB-4EB1-44FA-94FA-64F2A636ECC4}"
EndProject
Global
	GlobalSection(SolutionConfigurationPlatforms) = preSolution
		Debug|x64 = Debug|x64
		Debug|x86 = Debug|x86
		Release|x64 = Release|x64
		Release|x86 = Release|x86
	EndGlobalSection
	GlobalSection(ProjectConfigurationPlatforms) = postSolution
		{12E09CAB-4EB1-44FA-94FA-64F2A636ECC4}.Debug|x64.ActiveCfg = Debug|x64
		{12E09CAB-4EB1-44FA-94FA-64F2A636ECC4}.Debug|x64.Build.0 = Debug|x64
		{12E09CAB-4EB1-44FA-94FA-64F2A636ECC4}.Debug|x86.ActiveCfg = Debug|Win32
		{12E09CAB-4EB1-44FA-94FA-64F2A636ECC4}.Debug|x86.Build.0 = Debug|Win32
		{12E09CAB-4EB1-44FA-94FA-64F2A636ECC4}.Release|x64.ActiveCfg = Release|x64
		{12E09CAB-4EB1-44FA-94FA-64F2A636ECC4}.Release|x64.Build.0 = Release|x64
		{12E09CAB-4EB1-44FA-94FA-64F2A636ECC4}.Release|x86.ActiveCfg = Release|Win32
		{12E09CAB-4EB1-44FA-94FA-64F2A636ECC4}.Release|x86.Build.0 = Release|Win32
	EndGlobalSection
	GlobalSection(SolutionProperties) = preSolution
		HideSolutionNode = FALSE
	EndGlobalSection
	GlobalSection(ExtensibilityGlobals) = postSolution
		SolutionGuid = {A6456D2F-80CD-45BD-8318-E0527CB24EAA}
	EndGlobalSection
EndGlobal
